// !$*UTF8*$!
{
	archiveVersion = 1;
	classes = {
	};
	objectVersion = 77;
	objects = {

/* Begin PBXBuildFile section */
		4C88C21C2EFA5BC6000AA4B3 /* Assets.xcassets in Resources */ = {isa = PBXBuildFile; fileRef = 4C88C2182EFA5BC6000AA4B3 /* Assets.xcassets */; };
		4C88C21D2EFA5BC6000AA4B3 /* ContentView.swift in Sources */ = {isa = PBXBuildFile; fileRef = 4C88C2192EFA5BC6000AA4B3 /* ContentView.swift */; };
		4C88C21E2EFA5BC6000AA4B3 /* SecureRouteApp.swift in Sources */ = {isa = PBXBuildFile; fileRef = 4C88C21A2EFA5BC6000AA4B3 /* SecureRouteApp.swift */; };
		4C88C2262EFA5CC6000AA4B3 /* boarding_events.json in Resources */ = {isa = PBXBuildFile; fileRef = 4C88C2252EFA5CBD000AA4B3 /* boarding_events.json */; };
		4C88C2292EFA650A000AA4B3 /* BoardingEvent.swift in Sources */ = {isa = PBXBuildFile; fileRef = 4C88C2282EFA64FE000AA4B3 /* BoardingEvent.swift */; };
		4C88C22B2EFA6536000AA4B3 /* EventStatus.swift in Sources */ = {isa = PBXBuildFile; fileRef = 4C88C22A2EFA6530000AA4B3 /* EventStatus.swift */; };
		4C88C22D2EFA6578000AA4B3 /* BoardingEventService.swift in Sources */ = {isa = PBXBuildFile; fileRef = 4C88C22C2EFA6576000AA4B3 /* BoardingEventService.swift */; };
		4C88C22F2EFA65C5000AA4B3 /* DashboardViewModel.swift in Sources */ = {isa = PBXBuildFile; fileRef = 4C88C22E2EFA65C3000AA4B3 /* DashboardViewModel.swift */; };
		4C88C2312EFA6603000AA4B3 /* EventRowView.swift in Sources */ = {isa = PBXBuildFile; fileRef = 4C88C2302EFA6602000AA4B3 /* EventRowView.swift */; };
		4C88C2332EFA6621000AA4B3 /* StatusBadge.swift in Sources */ = {isa = PBXBuildFile; fileRef = 4C88C2322EFA6619000AA4B3 /* StatusBadge.swift */; };
		4C88C2352EFA66DE000AA4B3 /* SafeZoneMapView.swift in Sources */ = {isa = PBXBuildFile; fileRef = 4C88C2342EFA66D7000AA4B3 /* SafeZoneMapView.swift */; };
		4C88C2372EFA66F8000AA4B3 /* SafeZoneOverlay.swift in Sources */ = {isa = PBXBuildFile; fileRef = 4C88C2362EFA66F6000AA4B3 /* SafeZoneOverlay.swift */; };
		4C88C2392EFA6779000AA4B3 /* MapAnnotationItem.swift in Sources */ = {isa = PBXBuildFile; fileRef = 4C88C2382EFA6777000AA4B3 /* MapAnnotationItem.swift */; };
		4C88C23B2EFA6832000AA4B3 /* LiveIndicatorView.swift in Sources */ = {isa = PBXBuildFile; fileRef = 4C88C23A2EFA682C000AA4B3 /* LiveIndicatorView.swift */; };
/* End PBXBuildFile section */

/* Begin PBXContainerItemProxy section */
		4C88C1FB2EFA5886000AA4B3 /* PBXContainerItemProxy */ = {
			isa = PBXContainerItemProxy;
			containerPortal = 4C88C1E32EFA5882000AA4B3 /* Project object */;
			proxyType = 1;
			remoteGlobalIDString = 4C88C1EA2EFA5882000AA4B3;
			remoteInfo = SecureRoute;
		};
/* End PBXContainerItemProxy section */

/* Begin PBXFileReference section */
		4C88C1EB2EFA5882000AA4B3 /* SecureRoute.app */ = {isa = PBXFileReference; explicitFileType = wrapper.application; includeInIndex = 0; path = SecureRoute.app; sourceTree = BUILT_PRODUCTS_DIR; };
		4C88C1FA2EFA5886000AA4B3 /* SecureRouteTests.xctest */ = {isa = PBXFileReference; explicitFileType = wrapper.cfbundle; includeInIndex = 0; path = SecureRouteTests.xctest; sourceTree = BUILT_PRODUCTS_DIR; };
		4C88C2182EFA5BC6000AA4B3 /* Assets.xcassets */ = {isa = PBXFileReference; lastKnownFileType = folder.assetcatalog; path = Assets.xcassets; sourceTree = "<group>"; };
		4C88C2192EFA5BC6000AA4B3 /* ContentView.swift */ = {isa = PBXFileReference; lastKnownFileType = sourcecode.swift; path = ContentView.swift; sourceTree = "<group>"; };
		4C88C21A2EFA5BC6000AA4B3 /* SecureRouteApp.swift */ = {isa = PBXFileReference; lastKnownFileType = sourcecode.swift; path = SecureRouteApp.swift; sourceTree = "<group>"; };
		4C88C2252EFA5CBD000AA4B3 /* boarding_events.json */ = {isa = PBXFileReference; lastKnownFileType = text.json; path = boarding_events.json; sourceTree = "<group>"; };
		4C88C2282EFA64FE000AA4B3 /* BoardingEvent.swift */ = {isa = PBXFileReference; lastKnownFileType = sourcecode.swift; path = BoardingEvent.swift; sourceTree = "<group>"; };
		4C88C22A2EFA6530000AA4B3 /* EventStatus.swift */ = {isa = PBXFileReference; lastKnownFileType = sourcecode.swift; path = EventStatus.swift; sourceTree = "<group>"; };
		4C88C22C2EFA6576000AA4B3 /* BoardingEventService.swift */ = {isa = PBXFileReference; lastKnownFileType = sourcecode.swift; path = BoardingEventService.swift; sourceTree = "<group>"; };
		4C88C22E2EFA65C3000AA4B3 /* DashboardViewModel.swift */ = {isa = PBXFileReference; lastKnownFileType = sourcecode.swift; path = DashboardViewModel.swift; sourceTree = "<group>"; };
		4C88C2302EFA6602000AA4B3 /* EventRowView.swift */ = {isa = PBXFileReference; lastKnownFileType = sourcecode.swift; path = EventRowView.swift; sourceTree = "<group>"; };
		4C88C2322EFA6619000AA4B3 /* StatusBadge.swift */ = {isa = PBXFileReference; lastKnownFileType = sourcecode.swift; path = StatusBadge.swift; sourceTree = "<group>"; };
		4C88C2342EFA66D7000AA4B3 /* SafeZoneMapView.swift */ = {isa = PBXFileReference; lastKnownFileType = sourcecode.swift; path = SafeZoneMapView.swift; sourceTree = "<group>"; };
		4C88C2362EFA66F6000AA4B3 /* SafeZoneOverlay.swift */ = {isa = PBXFileReference; lastKnownFileType = sourcecode.swift; path = SafeZoneOverlay.swift; sourceTree = "<group>"; };
		4C88C2382EFA6777000AA4B3 /* MapAnnotationItem.swift */ = {isa = PBXFileReference; lastKnownFileType = sourcecode.swift; path = MapAnnotationItem.swift; sourceTree = "<group>"; };
		4C88C23A2EFA682C000AA4B3 /* LiveIndicatorView.swift */ = {isa = PBXFileReference; lastKnownFileType = sourcecode.swift; path = LiveIndicatorView.swift; sourceTree = "<group>"; };
/* End PBXFileReference section */

/* Begin PBXFileSystemSynchronizedRootGroup section */
		4C88C1FD2EFA5886000AA4B3 /* SecureRouteTests */ = {
			isa = PBXFileSystemSynchronizedRootGroup;
			path = SecureRouteTests;
			sourceTree = "<group>";
		};
/* End PBXFileSystemSynchronizedRootGroup section */

/* Begin PBXFrameworksBuildPhase section */
		4C88C1E82EFA5882000AA4B3 /* Frameworks */ = {
			isa = PBXFrameworksBuildPhase;
			buildActionMask = 2147483647;
			files = (
			);
			runOnlyForDeploymentPostprocessing = 0;
		};
		4C88C1F72EFA5886000AA4B3 /* Frameworks */ = {
			isa = PBXFrameworksBuildPhase;
			buildActionMask = 2147483647;
			files = (
			);
			runOnlyForDeploymentPostprocessing = 0;
		};
/* End PBXFrameworksBuildPhase section */

/* Begin PBXGroup section */
		4C88C1E22EFA5882000AA4B3 = {
			isa = PBXGroup;
			children = (
				4C88C1FD2EFA5886000AA4B3 /* SecureRouteTests */,
				4C88C1EC2EFA5882000AA4B3 /* Products */,
				4C88C21B2EFA5BC6000AA4B3 /* SecureRoute */,
			);
			sourceTree = "<group>";
		};
		4C88C1EC2EFA5882000AA4B3 /* Products */ = {
			isa = PBXGroup;
			children = (
				4C88C1EB2EFA5882000AA4B3 /* SecureRoute.app */,
				4C88C1FA2EFA5886000AA4B3 /* SecureRouteTests.xctest */,
			);
			name = Products;
			sourceTree = "<group>";
		};
		4C88C21B2EFA5BC6000AA4B3 /* SecureRoute */ = {
			isa = PBXGroup;
			children = (
				4C88C2272EFA5D29000AA4B3 /* Views */,
				4C88C2232EFA5C20000AA4B3 /* Resources */,
				4C88C2222EFA5C0A000AA4B3 /* Utilities */,
				4C88C2212EFA5BFE000AA4B3 /* Services */,
				4C88C2202EFA5BEA000AA4B3 /* ViewModels */,
				4C88C21F2EFA5BCE000AA4B3 /* Models */,
				4C88C2182EFA5BC6000AA4B3 /* Assets.xcassets */,
				4C88C21A2EFA5BC6000AA4B3 /* SecureRouteApp.swift */,
			);
			path = SecureRoute;
			sourceTree = "<group>";
		};
		4C88C21F2EFA5BCE000AA4B3 /* Models */ = {
			isa = PBXGroup;
			children = (
				4C88C2382EFA6777000AA4B3 /* MapAnnotationItem.swift */,
				4C88C22A2EFA6530000AA4B3 /* EventStatus.swift */,
				4C88C2282EFA64FE000AA4B3 /* BoardingEvent.swift */,
			);
			path = Models;
			sourceTree = "<group>";
		};
		4C88C2202EFA5BEA000AA4B3 /* ViewModels */ = {
			isa = PBXGroup;
			children = (
				4C88C22E2EFA65C3000AA4B3 /* DashboardViewModel.swift */,
			);
			path = ViewModels;
			sourceTree = "<group>";
		};
		4C88C2212EFA5BFE000AA4B3 /* Services */ = {
			isa = PBXGroup;
			children = (
				4C88C22C2EFA6576000AA4B3 /* BoardingEventService.swift */,
			);
			path = Services;
			sourceTree = "<group>";
		};
		4C88C2222EFA5C0A000AA4B3 /* Utilities */ = {
			isa = PBXGroup;
			children = (
			);
			path = Utilities;
			sourceTree = "<group>";
		};
		4C88C2232EFA5C20000AA4B3 /* Resources */ = {
			isa = PBXGroup;
			children = (
				4C88C2242EFA5CAD000AA4B3 /* MockData */,
			);
			path = Resources;
			sourceTree = "<group>";
		};
		4C88C2242EFA5CAD000AA4B3 /* MockData */ = {
			isa = PBXGroup;
			children = (
				4C88C2252EFA5CBD000AA4B3 /* boarding_events.json */,
			);
			path = MockData;
			sourceTree = "<group>";
		};
		4C88C2272EFA5D29000AA4B3 /* Views */ = {
			isa = PBXGroup;
			children = (
				4C88C23A2EFA682C000AA4B3 /* LiveIndicatorView.swift */,
				4C88C2362EFA66F6000AA4B3 /* SafeZoneOverlay.swift */,
				4C88C2342EFA66D7000AA4B3 /* SafeZoneMapView.swift */,
				4C88C2322EFA6619000AA4B3 /* StatusBadge.swift */,
				4C88C2302EFA6602000AA4B3 /* EventRowView.swift */,
				4C88C2192EFA5BC6000AA4B3 /* ContentView.swift */,
			);
			path = Views;
			sourceTree = "<group>";
		};
/* End PBXGroup section */

/* Begin PBXNativeTarget section */
		4C88C1EA2EFA5882000AA4B3 /* SecureRoute */ = {
			isa = PBXNativeTarget;
			buildConfigurationList = 4C88C20E2EFA5886000AA4B3 /* Build configuration list for PBXNativeTarget "SecureRoute" */;
			buildPhases = (
				4C88C1E72EFA5882000AA4B3 /* Sources */,
				4C88C1E82EFA5882000AA4B3 /* Frameworks */,
				4C88C1E92EFA5882000AA4B3 /* Resources */,
			);
			buildRules = (
			);
			dependencies = (
			);
			name = SecureRoute;
			packageProductDependencies = (
			);
			productName = SecureRoute;
			productReference = 4C88C1EB2EFA5882000AA4B3 /* SecureRoute.app */;
			productType = "com.apple.product-type.application";
		};
		4C88C1F92EFA5886000AA4B3 /* SecureRouteTests */ = {
			isa = PBXNativeTarget;
			buildConfigurationList = 4C88C2112EFA5886000AA4B3 /* Build configuration list for PBXNativeTarget "SecureRouteTests" */;
			buildPhases = (
				4C88C1F62EFA5886000AA4B3 /* Sources */,
				4C88C1F72EFA5886000AA4B3 /* Frameworks */,
				4C88C1F82EFA5886000AA4B3 /* Resources */,
			);
			buildRules = (
			);
			dependencies = (
				4C88C1FC2EFA5886000AA4B3 /* PBXTargetDependency */,
			);
			fileSystemSynchronizedGroups = (
				4C88C1FD2EFA5886000AA4B3 /* SecureRouteTests */,
			);
			name = SecureRouteTests;
			packageProductDependencies = (
			);
			productName = SecureRouteTests;
			productReference = 4C88C1FA2EFA5886000AA4B3 /* SecureRouteTests.xctest */;
			productType = "com.apple.product-type.bundle.unit-test";
		};
/* End PBXNativeTarget section */

/* Begin PBXProject section */
		4C88C1E32EFA5882000AA4B3 /* Project object */ = {
			isa = PBXProject;
			attributes = {
				BuildIndependentTargetsInParallel = 1;
				LastSwiftUpdateCheck = 2620;
				LastUpgradeCheck = 2620;
				TargetAttributes = {
					4C88C1EA2EFA5882000AA4B3 = {
						CreatedOnToolsVersion = 26.2;
					};
					4C88C1F92EFA5886000AA4B3 = {
						CreatedOnToolsVersion = 26.2;
						TestTargetID = 4C88C1EA2EFA5882000AA4B3;
					};
				};
			};
			buildConfigurationList = 4C88C1E62EFA5882000AA4B3 /* Build configuration list for PBXProject "SecureRoute" */;
			developmentRegion = en;
			hasScannedForEncodings = 0;
			knownRegions = (
				en,
				Base,
			);
			mainGroup = 4C88C1E22EFA5882000AA4B3;
			minimizedProjectReferenceProxies = 1;
			preferredProjectObjectVersion = 77;
			productRefGroup = 4C88C1EC2EFA5882000AA4B3 /* Products */;
			projectDirPath = "";
			projectRoot = "";
			targets = (
				4C88C1EA2EFA5882000AA4B3 /* SecureRoute */,
				4C88C1F92EFA5886000AA4B3 /* SecureRouteTests */,
			);
		};
/* End PBXProject section */

/* Begin PBXResourcesBuildPhase section */
		4C88C1E92EFA5882000AA4B3 /* Resources */ = {
			isa = PBXResourcesBuildPhase;
			buildActionMask = 2147483647;
			files = (
				4C88C2262EFA5CC6000AA4B3 /* boarding_events.json in Resources */,
				4C88C21C2EFA5BC6000AA4B3 /* Assets.xcassets in Resources */,
			);
			runOnlyForDeploymentPostprocessing = 0;
		};
		4C88C1F82EFA5886000AA4B3 /* Resources */ = {
			isa = PBXResourcesBuildPhase;
			buildActionMask = 2147483647;
			files = (
			);
			runOnlyForDeploymentPostprocessing = 0;
		};
/* End PBXResourcesBuildPhase section */

/* Begin PBXSourcesBuildPhase section */
		4C88C1E72EFA5882000AA4B3 /* Sources */ = {
			isa = PBXSourcesBuildPhase;
			buildActionMask = 2147483647;
			files = (
				4C88C2392EFA6779000AA4B3 /* MapAnnotationItem.swift in Sources */,
				4C88C2292EFA650A000AA4B3 /* BoardingEvent.swift in Sources */,
				4C88C2312EFA6603000AA4B3 /* EventRowView.swift in Sources */,
				4C88C22D2EFA6578000AA4B3 /* BoardingEventService.swift in Sources */,
				4C88C2332EFA6621000AA4B3 /* StatusBadge.swift in Sources */,
				4C88C21D2EFA5BC6000AA4B3 /* ContentView.swift in Sources */,
				4C88C23B2EFA6832000AA4B3 /* LiveIndicatorView.swift in Sources */,
				4C88C2372EFA66F8000AA4B3 /* SafeZoneOverlay.swift in Sources */,
				4C88C22F2EFA65C5000AA4B3 /* DashboardViewModel.swift in Sources */,
				4C88C22B2EFA6536000AA4B3 /* EventStatus.swift in Sources */,
				4C88C2352EFA66DE000AA4B3 /* SafeZoneMapView.swift in Sources */,
				4C88C21E2EFA5BC6000AA4B3 /* SecureRouteApp.swift in Sources */,
			);
			runOnlyForDeploymentPostprocessing = 0;
		};
		4C88C1F62EFA5886000AA4B3 /* Sources */ = {
			isa = PBXSourcesBuildPhase;
			buildActionMask = 2147483647;
			files = (
			);
			runOnlyForDeploymentPostprocessing = 0;
		};
/* End PBXSourcesBuildPhase section */

/* Begin PBXTargetDependency section */
		4C88C1FC2EFA5886000AA4B3 /* PBXTargetDependency */ = {
			isa = PBXTargetDependency;
			target = 4C88C1EA2EFA5882000AA4B3 /* SecureRoute */;
			targetProxy = 4C88C1FB2EFA5886000AA4B3 /* PBXContainerItemProxy */;
		};
/* End PBXTargetDependency section */

/* Begin XCBuildConfiguration section */
		4C88C20C2EFA5886000AA4B3 /* Debug */ = {
			isa = XCBuildConfiguration;
			buildSettings = {
				ALWAYS_SEARCH_USER_PATHS = NO;
				ASSETCATALOG_COMPILER_GENERATE_SWIFT_ASSET_SYMBOL_EXTENSIONS = YES;
				CLANG_ANALYZER_NONNULL = YES;
				CLANG_ANALYZER_NUMBER_OBJECT_CONVERSION = YES_AGGRESSIVE;
				CLANG_CXX_LANGUAGE_STANDARD = "gnu++20";
				CLANG_ENABLE_MODULES = YES;
				CLANG_ENABLE_OBJC_ARC = YES;
				CLANG_ENABLE_OBJC_WEAK = YES;
				CLANG_WARN_BLOCK_CAPTURE_AUTORELEASING = YES;
				CLANG_WARN_BOOL_CONVERSION = YES;
				CLANG_WARN_COMMA = YES;
				CLANG_WARN_CONSTANT_CONVERSION = YES;
				CLANG_WARN_DEPRECATED_OBJC_IMPLEMENTATIONS = YES;
				CLANG_WARN_DIRECT_OBJC_ISA_USAGE = YES_ERROR;
				CLANG_WARN_DOCUMENTATION_COMMENTS = YES;
				CLANG_WARN_EMPTY_BODY = YES;
				CLANG_WARN_ENUM_CONVERSION = YES;
				CLANG_WARN_INFINITE_RECURSION = YES;
				CLANG_WARN_INT_CONVERSION = YES;
				CLANG_WARN_NON_LITERAL_NULL_CONVERSION = YES;
				CLANG_WARN_OBJC_IMPLICIT_RETAIN_SELF = YES;
				CLANG_WARN_OBJC_LITERAL_CONVERSION = YES;
				CLANG_WARN_OBJC_ROOT_CLASS = YES_ERROR;
				CLANG_WARN_QUOTED_INCLUDE_IN_FRAMEWORK_HEADER = YES;
				CLANG_WARN_RANGE_LOOP_ANALYSIS = YES;
				CLANG_WARN_STRICT_PROTOTYPES = YES;
				CLANG_WARN_SUSPICIOUS_MOVE = YES;
				CLANG_WARN_UNGUARDED_AVAILABILITY = YES_AGGRESSIVE;
				CLANG_WARN_UNREACHABLE_CODE = YES;
				CLANG_WARN__DUPLICATE_METHOD_MATCH = YES;
				COPY_PHASE_STRIP = NO;
				DEBUG_INFORMATION_FORMAT = dwarf;
				ENABLE_STRICT_OBJC_MSGSEND = YES;
				ENABLE_TESTABILITY = YES;
				ENABLE_USER_SCRIPT_SANDBOXING = YES;
				GCC_C_LANGUAGE_STANDARD = gnu17;
				GCC_DYNAMIC_NO_PIC = NO;
				GCC_NO_COMMON_BLOCKS = YES;
				GCC_OPTIMIZATION_LEVEL = 0;
				GCC_PREPROCESSOR_DEFINITIONS = (
					"DEBUG=1",
					"$(inherited)",
				);
				GCC_WARN_64_TO_32_BIT_CONVERSION = YES;
				GCC_WARN_ABOUT_RETURN_TYPE = YES_ERROR;
				GCC_WARN_UNDECLARED_SELECTOR = YES;
				GCC_WARN_UNINITIALIZED_AUTOS = YES_AGGRESSIVE;
				GCC_WARN_UNUSED_FUNCTION = YES;
				GCC_WARN_UNUSED_VARIABLE = YES;
				IPHONEOS_DEPLOYMENT_TARGET = 26.2;
				LOCALIZATION_PREFERS_STRING_CATALOGS = YES;
				MTL_ENABLE_DEBUG_INFO = INCLUDE_SOURCE;
				MTL_FAST_MATH = YES;
				ONLY_ACTIVE_ARCH = YES;
				SDKROOT = iphoneos;
				SWIFT_ACTIVE_COMPILATION_CONDITIONS = "DEBUG $(inherited)";
				SWIFT_OPTIMIZATION_LEVEL = "-Onone";
			};
			name = Debug;
		};
		4C88C20D2EFA5886000AA4B3 /* Release */ = {
			isa = XCBuildConfiguration;
			buildSettings = {
				ALWAYS_SEARCH_USER_PATHS = NO;
				ASSETCATALOG_COMPILER_GENERATE_SWIFT_ASSET_SYMBOL_EXTENSIONS = YES;
				CLANG_ANALYZER_NONNULL = YES;
				CLANG_ANALYZER_NUMBER_OBJECT_CONVERSION = YES_AGGRESSIVE;
				CLANG_CXX_LANGUAGE_STANDARD = "gnu++20";
				CLANG_ENABLE_MODULES = YES;
				CLANG_ENABLE_OBJC_ARC = YES;
				CLANG_ENABLE_OBJC_WEAK = YES;
				CLANG_WARN_BLOCK_CAPTURE_AUTORELEASING = YES;
				CLANG_WARN_BOOL_CONVERSION = YES;
				CLANG_WARN_COMMA = YES;
				CLANG_WARN_CONSTANT_CONVERSION = YES;
				CLANG_WARN_DEPRECATED_OBJC_IMPLEMENTATIONS = YES;
				CLANG_WARN_DIRECT_OBJC_ISA_USAGE = YES_ERROR;
				CLANG_WARN_DOCUMENTATION_COMMENTS = YES;
				CLANG_WARN_EMPTY_BODY = YES;
				CLANG_WARN_ENUM_CONVERSION = YES;
				CLANG_WARN_INFINITE_RECURSION = YES;
				CLANG_WARN_INT_CONVERSION = YES;
				CLANG_WARN_NON_LITERAL_NULL_CONVERSION = YES;
				CLANG_WARN_OBJC_IMPLICIT_RETAIN_SELF = YES;
				CLANG_WARN_OBJC_LITERAL_CONVERSION = YES;
				CLANG_WARN_OBJC_ROOT_CLASS = YES_ERROR;
				CLANG_WARN_QUOTED_INCLUDE_IN_FRAMEWORK_HEADER = YES;
				CLANG_WARN_RANGE_LOOP_ANALYSIS = YES;
				CLANG_WARN_STRICT_PROTOTYPES = YES;
				CLANG_WARN_SUSPICIOUS_MOVE = YES;
				CLANG_WARN_UNGUARDED_AVAILABILITY = YES_AGGRESSIVE;
				CLANG_WARN_UNREACHABLE_CODE = YES;
				CLANG_WARN__DUPLICATE_METHOD_MATCH = YES;
				COPY_PHASE_STRIP = NO;
				DEBUG_INFORMATION_FORMAT = "dwarf-with-dsym";
				ENABLE_NS_ASSERTIONS = NO;
				ENABLE_STRICT_OBJC_MSGSEND = YES;
				ENABLE_USER_SCRIPT_SANDBOXING = YES;
				GCC_C_LANGUAGE_STANDARD = gnu17;
				GCC_NO_COMMON_BLOCKS = YES;
				GCC_WARN_64_TO_32_BIT_CONVERSION = YES;
				GCC_WARN_ABOUT_RETURN_TYPE = YES_ERROR;
				GCC_WARN_UNDECLARED_SELECTOR = YES;
				GCC_WARN_UNINITIALIZED_AUTOS = YES_AGGRESSIVE;
				GCC_WARN_UNUSED_FUNCTION = YES;
				GCC_WARN_UNUSED_VARIABLE = YES;
				IPHONEOS_DEPLOYMENT_TARGET = 26.2;
				LOCALIZATION_PREFERS_STRING_CATALOGS = YES;
				MTL_ENABLE_DEBUG_INFO = NO;
				MTL_FAST_MATH = YES;
				SDKROOT = iphoneos;
				SWIFT_COMPILATION_MODE = wholemodule;
				VALIDATE_PRODUCT = YES;
			};
			name = Release;
		};
		4C88C20F2EFA5886000AA4B3 /* Debug */ = {
			isa = XCBuildConfiguration;
			buildSettings = {
				ASSETCATALOG_COMPILER_APPICON_NAME = AppIcon;
				ASSETCATALOG_COMPILER_GLOBAL_ACCENT_COLOR_NAME = AccentColor;
				CODE_SIGN_STYLE = Automatic;
				CURRENT_PROJECT_VERSION = 1;
				DEVELOPMENT_TEAM = 4M868NDQ7T;
				ENABLE_PREVIEWS = YES;
				GENERATE_INFOPLIST_FILE = YES;
				INFOPLIST_KEY_UIApplicationSceneManifest_Generation = YES;
				INFOPLIST_KEY_UIApplicationSupportsIndirectInputEvents = YES;
				INFOPLIST_KEY_UILaunchScreen_Generation = YES;
				INFOPLIST_KEY_UISupportedInterfaceOrientations_iPad = "UIInterfaceOrientationPortrait UIInterfaceOrientationPortraitUpsideDown UIInterfaceOrientationLandscapeLeft UIInterfaceOrientationLandscapeRight";
				INFOPLIST_KEY_UISupportedInterfaceOrientations_iPhone = "UIInterfaceOrientationPortrait UIInterfaceOrientationLandscapeLeft UIInterfaceOrientationLandscapeRight";
				LD_RUNPATH_SEARCH_PATHS = (
					"$(inherited)",
					"@executable_path/Frameworks",
				);
				MARKETING_VERSION = 1.0;
				PRODUCT_BUNDLE_IDENTIFIER = com.aftab.secureroute.SecureRoute;
				PRODUCT_NAME = "$(TARGET_NAME)";
				STRING_CATALOG_GENERATE_SYMBOLS = YES;
				SWIFT_APPROACHABLE_CONCURRENCY = YES;
				SWIFT_DEFAULT_ACTOR_ISOLATION = MainActor;
				SWIFT_EMIT_LOC_STRINGS = YES;
				SWIFT_UPCOMING_FEATURE_MEMBER_IMPORT_VISIBILITY = YES;
				SWIFT_VERSION = 5.0;
				TARGETED_DEVICE_FAMILY = "1,2";
			};
			name = Debug;
		};
		4C88C2102EFA5886000AA4B3 /* Release */ = {
			isa = XCBuildConfiguration;
			buildSettings = {
				ASSETCATALOG_COMPILER_APPICON_NAME = AppIcon;
				ASSETCATALOG_COMPILER_GLOBAL_ACCENT_COLOR_NAME = AccentColor;
				CODE_SIGN_STYLE = Automatic;
				CURRENT_PROJECT_VERSION = 1;
				DEVELOPMENT_TEAM = 4M868NDQ7T;
				ENABLE_PREVIEWS = YES;
				GENERATE_INFOPLIST_FILE = YES;
				INFOPLIST_KEY_UIApplicationSceneManifest_Generation = YES;
				INFOPLIST_KEY_UIApplicationSupportsIndirectInputEvents = YES;
				INFOPLIST_KEY_UILaunchScreen_Generation = YES;
				INFOPLIST_KEY_UISupportedInterfaceOrientations_iPad = "UIInterfaceOrientationPortrait UIInterfaceOrientationPortraitUpsideDown UIInterfaceOrientationLandscapeLeft UIInterfaceOrientationLandscapeRight";
				INFOPLIST_KEY_UISupportedInterfaceOrientations_iPhone = "UIInterfaceOrientationPortrait UIInterfaceOrientationLandscapeLeft UIInterfaceOrientationLandscapeRight";
				LD_RUNPATH_SEARCH_PATHS = (
					"$(inherited)",
					"@executable_path/Frameworks",
				);
				MARKETING_VERSION = 1.0;
				PRODUCT_BUNDLE_IDENTIFIER = com.aftab.secureroute.SecureRoute;
				PRODUCT_NAME = "$(TARGET_NAME)";
				STRING_CATALOG_GENERATE_SYMBOLS = YES;
				SWIFT_APPROACHABLE_CONCURRENCY = YES;
				SWIFT_DEFAULT_ACTOR_ISOLATION = MainActor;
				SWIFT_EMIT_LOC_STRINGS = YES;
				SWIFT_UPCOMING_FEATURE_MEMBER_IMPORT_VISIBILITY = YES;
				SWIFT_VERSION = 5.0;
				TARGETED_DEVICE_FAMILY = "1,2";
			};
			name = Release;
		};
		4C88C2122EFA5886000AA4B3 /* Debug */ = {
			isa = XCBuildConfiguration;
			buildSettings = {
				BUNDLE_LOADER = "$(TEST_HOST)";
				"CODE_SIGN_IDENTITY[sdk=macosx*]" = "Apple Development";
				CODE_SIGN_STYLE = Automatic;
				CURRENT_PROJECT_VERSION = 1;
				DEVELOPMENT_TEAM = 4M868NDQ7T;
				GENERATE_INFOPLIST_FILE = YES;
				IPHONEOS_DEPLOYMENT_TARGET = 26.2;
				MARKETING_VERSION = 1.0;
				PRODUCT_BUNDLE_IDENTIFIER = com.aftab.secureroute.SecureRouteTests;
				PRODUCT_NAME = "$(TARGET_NAME)";
				STRING_CATALOG_GENERATE_SYMBOLS = NO;
				SWIFT_APPROACHABLE_CONCURRENCY = YES;
				SWIFT_EMIT_LOC_STRINGS = NO;
				SWIFT_UPCOMING_FEATURE_MEMBER_IMPORT_VISIBILITY = YES;
				SWIFT_VERSION = 5.0;
				TARGETED_DEVICE_FAMILY = "1,2";
				TEST_HOST = "$(BUILT_PRODUCTS_DIR)/SecureRoute.app/$(BUNDLE_EXECUTABLE_FOLDER_PATH)/SecureRoute";
			};
			name = Debug;
		};
		4C88C2132EFA5886000AA4B3 /* Release */ = {
			isa = XCBuildConfiguration;
			buildSettings = {
				BUNDLE_LOADER = "$(TEST_HOST)";
				"CODE_SIGN_IDENTITY[sdk=macosx*]" = "Apple Development";
				CODE_SIGN_STYLE = Automatic;
				CURRENT_PROJECT_VERSION = 1;
				DEVELOPMENT_TEAM = 4M868NDQ7T;
				GENERATE_INFOPLIST_FILE = YES;
				IPHONEOS_DEPLOYMENT_TARGET = 26.2;
				MARKETING_VERSION = 1.0;
				PRODUCT_BUNDLE_IDENTIFIER = com.aftab.secureroute.SecureRouteTests;
				PRODUCT_NAME = "$(TARGET_NAME)";
				STRING_CATALOG_GENERATE_SYMBOLS = NO;
				SWIFT_APPROACHABLE_CONCURRENCY = YES;
				SWIFT_EMIT_LOC_STRINGS = NO;
				SWIFT_UPCOMING_FEATURE_MEMBER_IMPORT_VISIBILITY = YES;
				SWIFT_VERSION = 5.0;
				TARGETED_DEVICE_FAMILY = "1,2";
				TEST_HOST = "$(BUILT_PRODUCTS_DIR)/SecureRoute.app/$(BUNDLE_EXECUTABLE_FOLDER_PATH)/SecureRoute";
			};
			name = Release;
		};
/* End XCBuildConfiguration section */

/* Begin XCConfigurationList section */
		4C88C1E62EFA5882000AA4B3 /* Build configuration list for PBXProject "SecureRoute" */ = {
			isa = XCConfigurationList;
			buildConfigurations = (
				4C88C20C2EFA5886000AA4B3 /* Debug */,
				4C88C20D2EFA5886000AA4B3 /* Release */,
			);
			defaultConfigurationIsVisible = 0;
			defaultConfigurationName = Release;
		};
		4C88C20E2EFA5886000AA4B3 /* Build configuration list for PBXNativeTarget "SecureRoute" */ = {
			isa = XCConfigurationList;
			buildConfigurations = (
				4C88C20F2EFA5886000AA4B3 /* Debug */,
				4C88C2102EFA5886000AA4B3 /* Release */,
			);
			defaultConfigurationIsVisible = 0;
			defaultConfigurationName = Release;
		};
		4C88C2112EFA5886000AA4B3 /* Build configuration list for PBXNativeTarget "SecureRouteTests" */ = {
			isa = XCConfigurationList;
			buildConfigurations = (
				4C88C2122EFA5886000AA4B3 /* Debug */,
				4C88C2132EFA5886000AA4B3 /* Release */,
			);
			defaultConfigurationIsVisible = 0;
			defaultConfigurationName = Release;
		};
/* End XCConfigurationList section */
	};
	rootObject = 4C88C1E32EFA5882000AA4B3 /* Project object */;
}
